
Microsoft Visual Studio Solution File, Format Version 12.00
# Visual Studio Version 17
VisualStudioVersion = 17.14.37111.16 d17.14
MinimumVisualStudioVersion = 10.0.40219.1
Project("{FAE04EC0-301F-11D3-BF4B-00C04F79EFBC}") = "practicum-events", "practicum-events\practicum-events.csproj", "{E256F539-38D8-4F7A-873C-8B5A53CED9A1}"
EndProject
Global
	GlobalSection(SolutionConfigurationPlatforms) = preSolution
		Debug|Any CPU = Debug|Any CPU
		Release|Any CPU = Release|Any CPU
	EndGlobalSection
	GlobalSection(ProjectConfigurationPlatforms) = postSolution
		{E256F539-38D8-4F7A-873C-8B5A53CED9A1}.Debug|Any CPU.ActiveCfg = Debug|Any CPU
		{E256F539-38D8-4F7A-873C-8B5A53CED9A1}.Debug|Any CPU.Build.0 = Debug|Any CPU
		{E256F539-38D8-4F7A-873C-8B5A53CED9A1}.Release|Any CPU.ActiveCfg = Release|Any CPU
		{E256F539-38D8-4F7A-873C-8B5A53CED9A1}.Release|Any CPU.Build.0 = Release|Any CPU
	EndGlobalSection
	GlobalSection(SolutionProperties) = preSolution
		HideSolutionNode = FALSE
	EndGlobalSection
	GlobalSection(ExtensibilityGlobals) = postSolution
		SolutionGuid = {72B42E25-F016-4EBA-85AD-DA8B1A46A0CB}
	EndGlobalSection
EndGlobal
